Microsoft Visual Studio Solution File, Format Version 8.00
Project("{8BC9CEB8-8B4A-11D0-8D11-00A0C91BC942}") = "fsci_dll", "fsci_dll.vcproj", "{EDC41BC6-74B3-41CB-B110-32CFD1368461}"
	ProjectSection(ProjectDependencies) = postProject
	EndProjectSection
EndProject
Project("{8BC9CEB8-8B4A-11D0-8D11-00A0C91BC942}") = "sciunpack", "sciunpack.vcproj", "{BA9C9A52-2879-4B25-8C86-65CBA68D334F}"
	ProjectSection(ProjectDependencies) = postProject
	EndProjectSection
EndProject
Project("{8BC9CEB8-8B4A-11D0-8D11-00A0C91BC942}") = "sciv", "sciv.vcproj", "{100095B0-309B-4CE2-8DD3-826294FE9534}"
	ProjectSection(ProjectDependencies) = postProject
		{EDC41BC6-74B3-41CB-B110-32CFD1368461} = {EDC41BC6-74B3-41CB-B110-32CFD1368461}
	EndProjectSection
EndProject
Global
	GlobalSection(SolutionConfiguration) = preSolution
		Debug = Debug
		Purify = Purify
		Release = Release
	EndGlobalSection
	GlobalSection(ProjectConfiguration) = postSolution
		{EDC41BC6-74B3-41CB-B110-32CFD1368461}.Debug.ActiveCfg = Debug|Win32
		{EDC41BC6-74B3-41CB-B110-32CFD1368461}.Debug.Build.0 = Debug|Win32
		{EDC41BC6-74B3-41CB-B110-32CFD1368461}.Purify.ActiveCfg = Purify|Win32
		{EDC41BC6-74B3-41CB-B110-32CFD1368461}.Purify.Build.0 = Purify|Win32
		{EDC41BC6-74B3-41CB-B110-32CFD1368461}.Release.ActiveCfg = Release|Win32
		{EDC41BC6-74B3-41CB-B110-32CFD1368461}.Release.Build.0 = Release|Win32
		{BA9C9A52-2879-4B25-8C86-65CBA68D334F}.Debug.ActiveCfg = Debug|Win32
		{BA9C9A52-2879-4B25-8C86-65CBA68D334F}.Debug.Build.0 = Debug|Win32
		{BA9C9A52-2879-4B25-8C86-65CBA68D334F}.Purify.ActiveCfg = Debug|Win32
		{BA9C9A52-2879-4B25-8C86-65CBA68D334F}.Purify.Build.0 = Debug|Win32
		{BA9C9A52-2879-4B25-8C86-65CBA68D334F}.Release.ActiveCfg = Release|Win32
		{BA9C9A52-2879-4B25-8C86-65CBA68D334F}.Release.Build.0 = Release|Win32
		{100095B0-309B-4CE2-8DD3-826294FE9534}.Debug.ActiveCfg = Debug|Win32
		{100095B0-309B-4CE2-8DD3-826294FE9534}.Debug.Build.0 = Debug|Win32
		{100095B0-309B-4CE2-8DD3-826294FE9534}.Purify.ActiveCfg = Purify|Win32
		{100095B0-309B-4CE2-8DD3-826294FE9534}.Purify.Build.0 = Purify|Win32
		{100095B0-309B-4CE2-8DD3-826294FE9534}.Release.ActiveCfg = Release|Win32
		{100095B0-309B-4CE2-8DD3-826294FE9534}.Release.Build.0 = Release|Win32
	EndGlobalSection
	GlobalSection(ExtensibilityGlobals) = postSolution
	EndGlobalSection
	GlobalSection(ExtensibilityAddIns) = postSolution
	EndGlobalSection
EndGlobal
